
Microsoft Visual Studio Solution File, Format Version 10.00
# Visual Studio 2008
Project("{FAE04EC0-301F-11D3-BF4B-00C04F79EFBC}") = "EdgeWiki.Parser", "EdgeWiki.Parser\EdgeWiki.Parser.csproj", "{072CE6E7-E328-4FBA-8E5F-D447B6F26625}"
EndProject
Project("{FAE04EC0-301F-11D3-BF4B-00C04F79EFBC}") = "EdgeWiki.Parser.Tests", "EdgeWiki.Parser.Tests\EdgeWiki.Parser.Tests.csproj", "{C2C9FBB9-F04B-41AA-987C-A55EAD8C2716}"
EndProject
Global
	GlobalSection(SolutionConfigurationPlatforms) = preSolution
		Debug|Any CPU = Debug|Any CPU
		Release|Any CPU = Release|Any CPU
	EndGlobalSection
	GlobalSection(ProjectConfigurationPlatforms) = postSolution
		{072CE6E7-E328-4FBA-8E5F-D447B6F26625}.Debug|Any CPU.ActiveCfg = Debug|Any CPU
		{072CE6E7-E328-4FBA-8E5F-D447B6F26625}.Debug|Any CPU.Build.0 = Debug|Any CPU
		{072CE6E7-E328-4FBA-8E5F-D447B6F26625}.Release|Any CPU.ActiveCfg = Release|Any CPU
		{072CE6E7-E328-4FBA-8E5F-D447B6F26625}.Release|Any CPU.Build.0 = Release|Any CPU
		{C2C9FBB9-F04B-41AA-987C-A55EAD8C2716}.Debug|Any CPU.ActiveCfg = Debug|Any CPU
		{C2C9FBB9-F04B-41AA-987C-A55EAD8C2716}.Debug|Any CPU.Build.0 = Debug|Any CPU
		{C2C9FBB9-F04B-41AA-987C-A55EAD8C2716}.Release|Any CPU.ActiveCfg = Release|Any CPU
		{C2C9FBB9-F04B-41AA-987C-A55EAD8C2716}.Release|Any CPU.Build.0 = Release|Any CPU
	EndGlobalSection
	GlobalSection(SolutionProperties) = preSolution
		HideSolutionNode = FALSE
	EndGlobalSection
EndGlobal
